PODS:
  - app_badge_plus (1.2.3):
    - Flutter
  - Flutter (1.0.0)
  - flutter_local_notifications (0.0.1):
    - Flutter
  - flutter_secure_storage (6.0.0):
    - Flutter
  - flutter_timezone (0.0.1):
    - Flutter
  - path_provider_foundation (0.0.1):
    - Flutter
    - FlutterMacOS
  - shared_preferences_foundation (0.0.1):
    - Flutter
    - FlutterMacOS
  - url_launcher_ios (0.0.1):
    - Flutter

DEPENDENCIES:
  - app_badge_plus (from `.symlinks/plugins/app_badge_plus/ios`)
  - Flutter (from `Flutter`)
  - flutter_local_notifications (from `.symlinks/plugins/flutter_local_notifications/ios`)
  - flutter_secure_storage (from `.symlinks/plugins/flutter_secure_storage/ios`)
  - flutter_timezone (from `.symlinks/plugins/flutter_timezone/ios`)
  - path_provider_foundation (from `.symlinks/plugins/path_provider_foundation/darwin`)
  - shared_preferences_foundation (from `.symlinks/plugins/shared_preferences_foundation/darwin`)
  - url_launcher_ios (from `.symlinks/plugins/url_launcher_ios/ios`)

EXTERNAL SOURCES:
  app_badge_plus:
    :path: ".symlinks/plugins/app_badge_plus/ios"
  Flutter:
    :path: Flutter
  flutter_local_notifications:
    :path: ".symlinks/plugins/flutter_local_notifications/ios"
  flutter_secure_storage:
    :path: ".symlinks/plugins/flutter_secure_storage/ios"
  flutter_timezone:
    :path: ".symlinks/plugins/flutter_timezone/ios"
  path_provider_foundation:
    :path: ".symlinks/plugins/path_provider_foundation/darwin"
  shared_preferences_foundation:
    :path: ".symlinks/plugins/shared_preferences_foundation/darwin"
  url_launcher_ios:
    :path: ".symlinks/plugins/url_launcher_ios/ios"

SPEC CHECKSUMS:
  app_badge_plus: 0e3470f993dd08094e16463f57a7e0db04c6b587
  Flutter: cabc95a1d2626b1b06e7179b784ebcf0c0cde467
  flutter_local_notifications: a5a732f069baa862e728d839dd2ebb904737effb
  flutter_secure_storage: 1ed9476fba7e7a782b22888f956cce43e2c62f13
  flutter_timezone: 7c838e17ffd4645d261e87037e5bebf6d38fe544
  path_provider_foundation: 080d55be775b7414fd5a5ef3ac137b97b097e564
  shared_preferences_foundation: 9e1978ff2562383bd5676f64ec4e9aa8fa06a6f7
  url_launcher_ios: 694010445543906933d732453a59da0a173ae33d

PODFILE CHECKSUM: 978dd492a93a8ef4ec2dc2b3631de447af34068a

COCOAPODS: 1.16.2
